PODS:
  - LRHPodTestDemo (0.2.8):
    - Masonry
  - Masonry (1.1.0)

DEPENDENCIES:
  - LRHPodTestDemo (from `../`)

SPEC REPOS:
  https://github.com/cocoapods/specs.git:
    - Masonry

EXTERNAL SOURCES:
  LRHPodTestDemo:
    :path: "../"

SPEC CHECKSUMS:
  LRHPodTestDemo: e2dd4ba5a96aa4cd8885217ba0ce2b80f0cbe886
  Masonry: 678fab65091a9290e40e2832a55e7ab731aad201

PODFILE CHECKSUM: 53116fcd865b8d279a4300b35d4ebc9b47a1cda7

COCOAPODS: 1.5.3
